
Microsoft Visual Studio Solution File, Format Version 12.00
# Visual Studio Version 16
VisualStudioVersion = 16.0.30002.166
MinimumVisualStudioVersion = 10.0.40219.1
Project("{FAE04EC0-301F-11D3-BF4B-00C04F79EFBC}") = "App1.UWP", "App1\App1.UWP\App1.UWP.csproj", "{4D65E335-F516-4317-AD53-A37A953FEA5D}"
EndProject
Project("{FAE04EC0-301F-11D3-BF4B-00C04F79EFBC}") = "App1.Android", "App1\App1.Android\App1.Android.csproj", "{E2E4E39C-C1D7-46C2-B309-067D22F1B2ED}"
EndProject
Project("{FAE04EC0-301F-11D3-BF4B-00C04F79EFBC}") = "App1.iOS", "App1\App1.iOS\App1.iOS.csproj", "{71348C06-BE0B-4799-8D7F-9BD634397670}"
EndProject
Project("{FAE04EC0-301F-11D3-BF4B-00C04F79EFBC}") = "App1", "App1\App1\App1.csproj", "{04D50B8D-4FB3-4EF7-B7A5-F17C33C84D6F}"
EndProject
Global
	GlobalSection(SolutionConfigurationPlatforms) = preSolution
		Debug|Any CPU = Debug|Any CPU
		Debug|ARM = Debug|ARM
		Debug|iPhone = Debug|iPhone
		Debug|iPhoneSimulator = Debug|iPhoneSimulator
		Debug|x64 = Debug|x64
		Debug|x86 = Debug|x86
		Release|Any CPU = Release|Any CPU
		Release|ARM = Release|ARM
		Release|iPhone = Release|iPhone
		Release|iPhoneSimulator = Release|iPhoneSimulator
		Release|x64 = Release|x64
		Release|x86 = Release|x86
	EndGlobalSection
	GlobalSection(ProjectConfigurationPlatforms) = postSolution
		{4D65E335-F516-4317-AD53-A37A953FEA5D}.Debug|Any CPU.ActiveCfg = Debug|x86
		{4D65E335-F516-4317-AD53-A37A953FEA5D}.Debug|Any CPU.Build.0 = Debug|x86
		{4D65E335-F516-4317-AD53-A37A953FEA5D}.Debug|Any CPU.Deploy.0 = Debug|x86
		{4D65E335-F516-4317-AD53-A37A953FEA5D}.Debug|ARM.ActiveCfg = Debug|ARM
		{4D65E335-F516-4317-AD53-A37A953FEA5D}.Debug|ARM.Build.0 = Debug|ARM
		{4D65E335-F516-4317-AD53-A37A953FEA5D}.Debug|ARM.Deploy.0 = Debug|ARM
		{4D65E335-F516-4317-AD53-A37A953FEA5D}.Debug|iPhone.ActiveCfg = Debug|x86
		{4D65E335-F516-4317-AD53-A37A953FEA5D}.Debug|iPhone.Build.0 = Debug|x86
		{4D65E335-F516-4317-AD53-A37A953FEA5D}.Debug|iPhone.Deploy.0 = Debug|x86
		{4D65E335-F516-4317-AD53-A37A953FEA5D}.Debug|iPhoneSimulator.ActiveCfg = Debug|x86
		{4D65E335-F516-4317-AD53-A37A953FEA5D}.Debug|iPhoneSimulator.Build.0 = Debug|x86
		{4D65E335-F516-4317-AD53-A37A953FEA5D}.Debug|iPhoneSimulator.Deploy.0 = Debug|x86
		{4D65E335-F516-4317-AD53-A37A953FEA5D}.Debug|x64.ActiveCfg = Debug|x64
		{4D65E335-F516-4317-AD53-A37A953FEA5D}.Debug|x64.Build.0 = Debug|x64
		{4D65E335-F516-4317-AD53-A37A953FEA5D}.Debug|x64.Deploy.0 = Debug|x64
		{4D65E335-F516-4317-AD53-A37A953FEA5D}.Debug|x86.ActiveCfg = Debug|x86
		{4D65E335-F516-4317-AD53-A37A953FEA5D}.Debug|x86.Build.0 = Debug|x86
		{4D65E335-F516-4317-AD53-A37A953FEA5D}.Debug|x86.Deploy.0 = Debug|x86
		{4D65E335-F516-4317-AD53-A37A953FEA5D}.Release|Any CPU.ActiveCfg = Release|x86
		{4D65E335-F516-4317-AD53-A37A953FEA5D}.Release|Any CPU.Build.0 = Release|x86
		{4D65E335-F516-4317-AD53-A37A953FEA5D}.Release|Any CPU.Deploy.0 = Release|x86
		{4D65E335-F516-4317-AD53-A37A953FEA5D}.Release|ARM.ActiveCfg = Release|ARM
		{4D65E335-F516-4317-AD53-A37A953FEA5D}.Release|ARM.Build.0 = Release|ARM
		{4D65E335-F516-4317-AD53-A37A953FEA5D}.Release|ARM.Deploy.0 = Release|ARM
		{4D65E335-F516-4317-AD53-A37A953FEA5D}.Release|iPhone.ActiveCfg = Release|x86
		{4D65E335-F516-4317-AD53-A37A953FEA5D}.Release|iPhone.Build.0 = Release|x86
		{4D65E335-F516-4317-AD53-A37A953FEA5D}.Release|iPhone.Deploy.0 = Release|x86
		{4D65E335-F516-4317-AD53-A37A953FEA5D}.Release|iPhoneSimulator.ActiveCfg = Release|x86
		{4D65E335-F516-4317-AD53-A37A953FEA5D}.Release|iPhoneSimulator.Build.0 = Release|x86
		{4D65E335-F516-4317-AD53-A37A953FEA5D}.Release|iPhoneSimulator.Deploy.0 = Release|x86
		{4D65E335-F516-4317-AD53-A37A953FEA5D}.Release|x64.ActiveCfg = Release|x64
		{4D65E335-F516-4317-AD53-A37A953FEA5D}.Release|x64.Build.0 = Release|x64
		{4D65E335-F516-4317-AD53-A37A953FEA5D}.Release|x64.Deploy.0 = Release|x64
		{4D65E335-F516-4317-AD53-A37A953FEA5D}.Release|x86.ActiveCfg = Release|x86
		{4D65E335-F516-4317-AD53-A37A953FEA5D}.Release|x86.Build.0 = Release|x86
		{4D65E335-F516-4317-AD53-A37A953FEA5D}.Release|x86.Deploy.0 = Release|x86
		{E2E4E39C-C1D7-46C2-B309-067D22F1B2ED}.Debug|Any CPU.ActiveCfg = Debug|Any CPU
		{E2E4E39C-C1D7-46C2-B309-067D22F1B2ED}.Debug|Any CPU.Build.0 = Debug|Any CPU
		{E2E4E39C-C1D7-46C2-B309-067D22F1B2ED}.Debug|Any CPU.Deploy.0 = Debug|Any CPU
		{E2E4E39C-C1D7-46C2-B309-067D22F1B2ED}.Debug|ARM.ActiveCfg = Debug|Any CPU
		{E2E4E39C-C1D7-46C2-B309-067D22F1B2ED}.Debug|ARM.Build.0 = Debug|Any CPU
		{E2E4E39C-C1D7-46C2-B309-067D22F1B2ED}.Debug|ARM.Deploy.0 = Debug|Any CPU
		{E2E4E39C-C1D7-46C2-B309-067D22F1B2ED}.Debug|iPhone.ActiveCfg = Debug|Any CPU
		{E2E4E39C-C1D7-46C2-B309-067D22F1B2ED}.Debug|iPhone.Build.0 = Debug|Any CPU
		{E2E4E39C-C1D7-46C2-B309-067D22F1B2ED}.Debug|iPhone.Deploy.0 = Debug|Any CPU
		{E2E4E39C-C1D7-46C2-B309-067D22F1B2ED}.Debug|iPhoneSimulator.ActiveCfg = Debug|Any CPU
		{E2E4E39C-C1D7-46C2-B309-067D22F1B2ED}.Debug|iPhoneSimulator.Build.0 = Debug|Any CPU
		{E2E4E39C-C1D7-46C2-B309-067D22F1B2ED}.Debug|iPhoneSimulator.Deploy.0 = Debug|Any CPU
		{E2E4E39C-C1D7-46C2-B309-067D22F1B2ED}.Debug|x64.ActiveCfg = Debug|Any CPU
		{E2E4E39C-C1D7-46C2-B309-067D22F1B2ED}.Debug|x64.Build.0 = Debug|Any CPU
		{E2E4E39C-C1D7-46C2-B309-067D22F1B2ED}.Debug|x64.Deploy.0 = Debug|Any CPU
		{E2E4E39C-C1D7-46C2-B309-067D22F1B2ED}.Debug|x86.ActiveCfg = Debug|Any CPU
		{E2E4E39C-C1D7-46C2-B309-067D22F1B2ED}.Debug|x86.Build.0 = Debug|Any CPU
		{E2E4E39C-C1D7-46C2-B309-067D22F1B2ED}.Debug|x86.Deploy.0 = Debug|Any CPU
		{E2E4E39C-C1D7-46C2-B309-067D22F1B2ED}.Release|Any CPU.ActiveCfg = Release|Any CPU
		{E2E4E39C-C1D7-46C2-B309-067D22F1B2ED}.Release|Any CPU.Build.0 = Release|Any CPU
		{E2E4E39C-C1D7-46C2-B309-067D22F1B2ED}.Release|Any CPU.Deploy.0 = Release|Any CPU
		{E2E4E39C-C1D7-46C2-B309-067D22F1B2ED}.Release|ARM.ActiveCfg = Release|Any CPU
		{E2E4E39C-C1D7-46C2-B309-067D22F1B2ED}.Release|ARM.Build.0 = Release|Any CPU
		{E2E4E39C-C1D7-46C2-B309-067D22F1B2ED}.Release|ARM.Deploy.0 = Release|Any CPU
		{E2E4E39C-C1D7-46C2-B309-067D22F1B2ED}.Release|iPhone.ActiveCfg = Release|Any CPU
		{E2E4E39C-C1D7-46C2-B309-067D22F1B2ED}.Release|iPhone.Build.0 = Release|Any CPU
		{E2E4E39C-C1D7-46C2-B309-067D22F1B2ED}.Release|iPhone.Deploy.0 = Release|Any CPU
		{E2E4E39C-C1D7-46C2-B309-067D22F1B2ED}.Release|iPhoneSimulator.ActiveCfg = Release|Any CPU
		{E2E4E39C-C1D7-46C2-B309-067D22F1B2ED}.Release|iPhoneSimulator.Build.0 = Release|Any CPU
		{E2E4E39C-C1D7-46C2-B309-067D22F1B2ED}.Release|iPhoneSimulator.Deploy.0 = Release|Any CPU
		{E2E4E39C-C1D7-46C2-B309-067D22F1B2ED}.Release|x64.ActiveCfg = Release|Any CPU
		{E2E4E39C-C1D7-46C2-B309-067D22F1B2ED}.Release|x64.Build.0 = Release|Any CPU
		{E2E4E39C-C1D7-46C2-B309-067D22F1B2ED}.Release|x64.Deploy.0 = Release|Any CPU
		{E2E4E39C-C1D7-46C2-B309-067D22F1B2ED}.Release|x86.ActiveCfg = Release|Any CPU
		{E2E4E39C-C1D7-46C2-B309-067D22F1B2ED}.Release|x86.Build.0 = Release|Any CPU
		{E2E4E39C-C1D7-46C2-B309-067D22F1B2ED}.Release|x86.Deploy.0 = Release|Any CPU
		{71348C06-BE0B-4799-8D7F-9BD634397670}.Debug|Any CPU.ActiveCfg = Debug|iPhone
		{71348C06-BE0B-4799-8D7F-9BD634397670}.Debug|Any CPU.Build.0 = Debug|iPhone
		{71348C06-BE0B-4799-8D7F-9BD634397670}.Debug|Any CPU.Deploy.0 = Debug|iPhone
		{71348C06-BE0B-4799-8D7F-9BD634397670}.Debug|ARM.ActiveCfg = Debug|iPhone
		{71348C06-BE0B-4799-8D7F-9BD634397670}.Debug|ARM.Build.0 = Debug|iPhone
		{71348C06-BE0B-4799-8D7F-9BD634397670}.Debug|ARM.Deploy.0 = Debug|iPhone
		{71348C06-BE0B-4799-8D7F-9BD634397670}.Debug|iPhone.ActiveCfg = Debug|iPhone
		{71348C06-BE0B-4799-8D7F-9BD634397670}.Debug|iPhone.Build.0 = Debug|iPhone
		{71348C06-BE0B-4799-8D7F-9BD634397670}.Debug|iPhone.Deploy.0 = Debug|iPhone
		{71348C06-BE0B-4799-8D7F-9BD634397670}.Debug|iPhoneSimulator.ActiveCfg = Debug|iPhoneSimulator
		{71348C06-BE0B-4799-8D7F-9BD634397670}.Debug|iPhoneSimulator.Build.0 = Debug|iPhoneSimulator
		{71348C06-BE0B-4799-8D7F-9BD634397670}.Debug|iPhoneSimulator.Deploy.0 = Debug|iPhoneSimulator
		{71348C06-BE0B-4799-8D7F-9BD634397670}.Debug|x64.ActiveCfg = Debug|iPhone
		{71348C06-BE0B-4799-8D7F-9BD634397670}.Debug|x64.Build.0 = Debug|iPhone
		{71348C06-BE0B-4799-8D7F-9BD634397670}.Debug|x64.Deploy.0 = Debug|iPhone
		{71348C06-BE0B-4799-8D7F-9BD634397670}.Debug|x86.ActiveCfg = Debug|iPhone
		{71348C06-BE0B-4799-8D7F-9BD634397670}.Debug|x86.Build.0 = Debug|iPhone
		{71348C06-BE0B-4799-8D7F-9BD634397670}.Debug|x86.Deploy.0 = Debug|iPhone
		{71348C06-BE0B-4799-8D7F-9BD634397670}.Release|Any CPU.ActiveCfg = Release|iPhone
		{71348C06-BE0B-4799-8D7F-9BD634397670}.Release|Any CPU.Build.0 = Release|iPhone
		{71348C06-BE0B-4799-8D7F-9BD634397670}.Release|Any CPU.Deploy.0 = Release|iPhone
		{71348C06-BE0B-4799-8D7F-9BD634397670}.Release|ARM.ActiveCfg = Release|iPhone
		{71348C06-BE0B-4799-8D7F-9BD634397670}.Release|ARM.Build.0 = Release|iPhone
		{71348C06-BE0B-4799-8D7F-9BD634397670}.Release|ARM.Deploy.0 = Release|iPhone
		{71348C06-BE0B-4799-8D7F-9BD634397670}.Release|iPhone.ActiveCfg = Release|iPhone
		{71348C06-BE0B-4799-8D7F-9BD634397670}.Release|iPhone.Build.0 = Release|iPhone
		{71348C06-BE0B-4799-8D7F-9BD634397670}.Release|iPhone.Deploy.0 = Release|iPhone
		{71348C06-BE0B-4799-8D7F-9BD634397670}.Release|iPhoneSimulator.ActiveCfg = Release|iPhoneSimulator
		{71348C06-BE0B-4799-8D7F-9BD634397670}.Release|iPhoneSimulator.Build.0 = Release|iPhoneSimulator
		{71348C06-BE0B-4799-8D7F-9BD634397670}.Release|iPhoneSimulator.Deploy.0 = Release|iPhoneSimulator
		{71348C06-BE0B-4799-8D7F-9BD634397670}.Release|x64.ActiveCfg = Release|iPhone
		{71348C06-BE0B-4799-8D7F-9BD634397670}.Release|x64.Build.0 = Release|iPhone
		{71348C06-BE0B-4799-8D7F-9BD634397670}.Release|x64.Deploy.0 = Release|iPhone
		{71348C06-BE0B-4799-8D7F-9BD634397670}.Release|x86.ActiveCfg = Release|iPhone
		{71348C06-BE0B-4799-8D7F-9BD634397670}.Release|x86.Build.0 = Release|iPhone
		{71348C06-BE0B-4799-8D7F-9BD634397670}.Release|x86.Deploy.0 = Release|iPhone
		{04D50B8D-4FB3-4EF7-B7A5-F17C33C84D6F}.Debug|Any CPU.ActiveCfg = Debug|Any CPU
		{04D50B8D-4FB3-4EF7-B7A5-F17C33C84D6F}.Debug|Any CPU.Build.0 = Debug|Any CPU
		{04D50B8D-4FB3-4EF7-B7A5-F17C33C84D6F}.Debug|Any CPU.Deploy.0 = Debug|Any CPU
		{04D50B8D-4FB3-4EF7-B7A5-F17C33C84D6F}.Debug|ARM.ActiveCfg = Debug|Any CPU
		{04D50B8D-4FB3-4EF7-B7A5-F17C33C84D6F}.Debug|ARM.Build.0 = Debug|Any CPU
		{04D50B8D-4FB3-4EF7-B7A5-F17C33C84D6F}.Debug|ARM.Deploy.0 = Debug|Any CPU
		{04D50B8D-4FB3-4EF7-B7A5-F17C33C84D6F}.Debug|iPhone.ActiveCfg = Debug|Any CPU
		{04D50B8D-4FB3-4EF7-B7A5-F17C33C84D6F}.Debug|iPhone.Build.0 = Debug|Any CPU
		{04D50B8D-4FB3-4EF7-B7A5-F17C33C84D6F}.Debug|iPhone.Deploy.0 = Debug|Any CPU
		{04D50B8D-4FB3-4EF7-B7A5-F17C33C84D6F}.Debug|iPhoneSimulator.ActiveCfg = Debug|Any CPU
		{04D50B8D-4FB3-4EF7-B7A5-F17C33C84D6F}.Debug|iPhoneSimulator.Build.0 = Debug|Any CPU
		{04D50B8D-4FB3-4EF7-B7A5-F17C33C84D6F}.Debug|iPhoneSimulator.Deploy.0 = Debug|Any CPU
		{04D50B8D-4FB3-4EF7-B7A5-F17C33C84D6F}.Debug|x64.ActiveCfg = Debug|Any CPU
		{04D50B8D-4FB3-4EF7-B7A5-F17C33C84D6F}.Debug|x64.Build.0 = Debug|Any CPU
		{04D50B8D-4FB3-4EF7-B7A5-F17C33C84D6F}.Debug|x64.Deploy.0 = Debug|Any CPU
		{04D50B8D-4FB3-4EF7-B7A5-F17C33C84D6F}.Debug|x86.ActiveCfg = Debug|Any CPU
		{04D50B8D-4FB3-4EF7-B7A5-F17C33C84D6F}.Debug|x86.Build.0 = Debug|Any CPU
		{04D50B8D-4FB3-4EF7-B7A5-F17C33C84D6F}.Debug|x86.Deploy.0 = Debug|Any CPU
		{04D50B8D-4FB3-4EF7-B7A5-F17C33C84D6F}.Release|Any CPU.ActiveCfg = Release|Any CPU
		{04D50B8D-4FB3-4EF7-B7A5-F17C33C84D6F}.Release|Any CPU.Build.0 = Release|Any CPU
		{04D50B8D-4FB3-4EF7-B7A5-F17C33C84D6F}.Release|Any CPU.Deploy.0 = Release|Any CPU
		{04D50B8D-4FB3-4EF7-B7A5-F17C33C84D6F}.Release|ARM.ActiveCfg = Release|Any CPU
		{04D50B8D-4FB3-4EF7-B7A5-F17C33C84D6F}.Release|ARM.Build.0 = Release|Any CPU
		{04D50B8D-4FB3-4EF7-B7A5-F17C33C84D6F}.Release|ARM.Deploy.0 = Release|Any CPU
		{04D50B8D-4FB3-4EF7-B7A5-F17C33C84D6F}.Release|iPhone.ActiveCfg = Release|Any CPU
		{04D50B8D-4FB3-4EF7-B7A5-F17C33C84D6F}.Release|iPhone.Build.0 = Release|Any CPU
		{04D50B8D-4FB3-4EF7-B7A5-F17C33C84D6F}.Release|iPhone.Deploy.0 = Release|Any CPU
		{04D50B8D-4FB3-4EF7-B7A5-F17C33C84D6F}.Release|iPhoneSimulator.ActiveCfg = Release|Any CPU
		{04D50B8D-4FB3-4EF7-B7A5-F17C33C84D6F}.Release|iPhoneSimulator.Build.0 = Release|Any CPU
		{04D50B8D-4FB3-4EF7-B7A5-F17C33C84D6F}.Release|iPhoneSimulator.Deploy.0 = Release|Any CPU
		{04D50B8D-4FB3-4EF7-B7A5-F17C33C84D6F}.Release|x64.ActiveCfg = Release|Any CPU
		{04D50B8D-4FB3-4EF7-B7A5-F17C33C84D6F}.Release|x64.Build.0 = Release|Any CPU
		{04D50B8D-4FB3-4EF7-B7A5-F17C33C84D6F}.Release|x64.Deploy.0 = Release|Any CPU
		{04D50B8D-4FB3-4EF7-B7A5-F17C33C84D6F}.Release|x86.ActiveCfg = Release|Any CPU
		{04D50B8D-4FB3-4EF7-B7A5-F17C33C84D6F}.Release|x86.Build.0 = Release|Any CPU
		{04D50B8D-4FB3-4EF7-B7A5-F17C33C84D6F}.Release|x86.Deploy.0 = Release|Any CPU
	EndGlobalSection
	GlobalSection(SolutionProperties) = preSolution
		HideSolutionNode = FALSE
	EndGlobalSection
	GlobalSection(ExtensibilityGlobals) = postSolution
		SolutionGuid = {9185FF60-949E-4077-8538-0E6E207A0972}
	EndGlobalSection
EndGlobal
